
Microsoft Visual Studio Solution File, Format Version 12.00
# Visual Studio Version 16
VisualStudioVersion = 16.0.29613.14
MinimumVisualStudioVersion = 10.0.40219.1
Project("{FAE04EC0-301F-11D3-BF4B-00C04F79EFBC}") = "Child", "Child\Child.csproj", "{85C48FAC-A2DF-46DC-A9B9-F8D8379F8F06}"
EndProject
Global
	GlobalSection(SolutionConfigurationPlatforms) = preSolution
		Debug|Any CPU = Debug|Any CPU
		Release|Any CPU = Release|Any CPU
	EndGlobalSection
	GlobalSection(ProjectConfigurationPlatforms) = postSolution
		{85C48FAC-A2DF-46DC-A9B9-F8D8379F8F06}.Debug|Any CPU.ActiveCfg = Debug|Any CPU
		{85C48FAC-A2DF-46DC-A9B9-F8D8379F8F06}.Debug|Any CPU.Build.0 = Debug|Any CPU
		{85C48FAC-A2DF-46DC-A9B9-F8D8379F8F06}.Release|Any CPU.ActiveCfg = Release|Any CPU
		{85C48FAC-A2DF-46DC-A9B9-F8D8379F8F06}.Release|Any CPU.Build.0 = Release|Any CPU
	EndGlobalSection
	GlobalSection(SolutionProperties) = preSolution
		HideSolutionNode = FALSE
	EndGlobalSection
	GlobalSection(ExtensibilityGlobals) = postSolution
		SolutionGuid = {8AD4EA6D-2C10-4FD0-ACCE-BEADDD8E1EA0}
	EndGlobalSection
EndGlobal
